# This file is generated by running "yarn install" inside your project.
# Manual changes might be lost - proceed with caution!

__metadata:
  version: 8
  cacheKey: 10c0

"husky@npm:^8.0.0":
  version: 8.0.3
  resolution: "husky@npm:8.0.3"
  bin:
    husky: lib/bin.js
  checksum: 6722591771c657b91a1abb082e07f6547eca79144d678e586828ae806499d90dce2a6aee08b66183fd8b085f19d20e0990a2ad396961746b4c8bd5bdb619d668
  languageName: node
  linkType: hard

"pinst@npm:^3.0.0":
  version: 3.0.0
  resolution: "pinst@npm:3.0.0"
  bin:
    pinst: bin.js
  checksum: abb1ed62ea2acb2207a7a860715bdb26ecbde74ede8fad5f6200194f3e22db25e2b7a49af05e5cc7fc05384709c651e0000323f0077d7239060c4b68c8acd428
  languageName: node
  linkType: hard

"root-workspace-0b6124@workspace:.":
  version: 0.0.0-use.local
  resolution: "root-workspace-0b6124@workspace:."
  dependencies:
    husky: "npm:^8.0.0"
    pinst: "npm:^3.0.0"
    typescript: "npm:5.0.0-beta"
  languageName: unknown
  linkType: soft

"typescript@npm:5.0.0-beta":
  version: 5.0.0-beta
  resolution: "typescript@npm:5.0.0-beta"
  bin:
    tsc: bin/tsc
    tsserver: bin/tsserver
  checksum: 20065f1e868f1de9fddcf80078794c8f0411df60c765d1fe95d7c8e02df20eae4a7b544cb3615e59cbddb0fadb6857bc03294c18b1e8404556f2dc466bd43691
  languageName: node
  linkType: hard

"typescript@patch:typescript@npm%3A5.0.0-beta#optional!builtin<compat/typescript>":
  version: 5.0.0-beta
  resolution: "typescript@patch:typescript@npm%3A5.0.0-beta#optional!builtin<compat/typescript>::version=5.0.0-beta&hash=8b0de9"
  bin:
    tsc: bin/tsc
    tsserver: bin/tsserver
  checksum: 547a6e602bd76b921e6883df1694befa4e736139c0417cffd484eba3e47c077ee2e7d55eac5bd702f12e6456562167cc45f09b3df8b96f24062ff05e104a868f
  languageName: node
  linkType: hard
